
Microsoft Visual Studio Solution File, Format Version 12.00
# Visual Studio 15
VisualStudioVersion = 15.0.27428.2005
MinimumVisualStudioVersion = 10.0.40219.1
Project("{FAE04EC0-301F-11D3-BF4B-00C04F79EFBC}") = "HackathonManager", "HackathonManager\HackathonManager.csproj", "{AFCF5D64-16AC-46F6-B220-3BB02E72CBB7}"
EndProject
Project("{FAE04EC0-301F-11D3-BF4B-00C04F79EFBC}") = "HackathonManager.Persistance", "HackathonManager.Persistance\HackathonManager.Persistance.csproj", "{50E87B9D-4054-4713-91CD-F480E82185CF}"
EndProject
Project("{FAE04EC0-301F-11D3-BF4B-00C04F79EFBC}") = "HackathonManager.Mvc", "HackathonManager.Mvc\HackathonManager.Mvc.csproj", "{800C0B96-1C2F-425C-A000-1AE70A52552E}"
EndProject
Project("{FAE04EC0-301F-11D3-BF4B-00C04F79EFBC}") = "HackathonManager.Sms", "HackathonManager.Sms\HackathonManager.Sms.csproj", "{4D758799-E62D-4293-AA52-454D8B7855FC}"
EndProject
Project("{FAE04EC0-301F-11D3-BF4B-00C04F79EFBC}") = "HackathonManager.Cli", "HackathonManager.Cli\HackathonManager.Cli.csproj", "{852340EC-89D3-4D5D-9F74-DC7AF1650835}"
EndProject
Global
	GlobalSection(SolutionConfigurationPlatforms) = preSolution
		Debug|Any CPU = Debug|Any CPU
		Release|Any CPU = Release|Any CPU
	EndGlobalSection
	GlobalSection(ProjectConfigurationPlatforms) = postSolution
		{AFCF5D64-16AC-46F6-B220-3BB02E72CBB7}.Debug|Any CPU.ActiveCfg = Debug|Any CPU
		{AFCF5D64-16AC-46F6-B220-3BB02E72CBB7}.Debug|Any CPU.Build.0 = Debug|Any CPU
		{AFCF5D64-16AC-46F6-B220-3BB02E72CBB7}.Release|Any CPU.ActiveCfg = Release|Any CPU
		{AFCF5D64-16AC-46F6-B220-3BB02E72CBB7}.Release|Any CPU.Build.0 = Release|Any CPU
		{50E87B9D-4054-4713-91CD-F480E82185CF}.Debug|Any CPU.ActiveCfg = Debug|Any CPU
		{50E87B9D-4054-4713-91CD-F480E82185CF}.Debug|Any CPU.Build.0 = Debug|Any CPU
		{50E87B9D-4054-4713-91CD-F480E82185CF}.Release|Any CPU.ActiveCfg = Release|Any CPU
		{50E87B9D-4054-4713-91CD-F480E82185CF}.Release|Any CPU.Build.0 = Release|Any CPU
		{800C0B96-1C2F-425C-A000-1AE70A52552E}.Debug|Any CPU.ActiveCfg = Debug|Any CPU
		{800C0B96-1C2F-425C-A000-1AE70A52552E}.Debug|Any CPU.Build.0 = Debug|Any CPU
		{800C0B96-1C2F-425C-A000-1AE70A52552E}.Release|Any CPU.ActiveCfg = Release|Any CPU
		{800C0B96-1C2F-425C-A000-1AE70A52552E}.Release|Any CPU.Build.0 = Release|Any CPU
		{4D758799-E62D-4293-AA52-454D8B7855FC}.Debug|Any CPU.ActiveCfg = Debug|Any CPU
		{4D758799-E62D-4293-AA52-454D8B7855FC}.Debug|Any CPU.Build.0 = Debug|Any CPU
		{4D758799-E62D-4293-AA52-454D8B7855FC}.Release|Any CPU.ActiveCfg = Release|Any CPU
		{4D758799-E62D-4293-AA52-454D8B7855FC}.Release|Any CPU.Build.0 = Release|Any CPU
		{852340EC-89D3-4D5D-9F74-DC7AF1650835}.Debug|Any CPU.ActiveCfg = Debug|Any CPU
		{852340EC-89D3-4D5D-9F74-DC7AF1650835}.Debug|Any CPU.Build.0 = Debug|Any CPU
		{852340EC-89D3-4D5D-9F74-DC7AF1650835}.Release|Any CPU.ActiveCfg = Release|Any CPU
		{852340EC-89D3-4D5D-9F74-DC7AF1650835}.Release|Any CPU.Build.0 = Release|Any CPU
	EndGlobalSection
	GlobalSection(SolutionProperties) = preSolution
		HideSolutionNode = FALSE
	EndGlobalSection
	GlobalSection(ExtensibilityGlobals) = postSolution
		SolutionGuid = {319B09BD-5CAB-4117-9D06-F8BD54EFAC28}
	EndGlobalSection
EndGlobal
