
Microsoft Visual Studio Solution File, Format Version 12.00
# Visual Studio 15
VisualStudioVersion = 15.0.27428.2005
MinimumVisualStudioVersion = 10.0.40219.1
Project("{FAE04EC0-301F-11D3-BF4B-00C04F79EFBC}") = "HackathonManager", "HackathonManager\HackathonManager.csproj", "{AFCF5D64-16AC-46F6-B220-3BB02E72CBB7}"
EndProject
Project("{FAE04EC0-301F-11D3-BF4B-00C04F79EFBC}") = "HackathonManager.Persistance", "HackathonManager.Persistance\HackathonManager.Persistance.csproj", "{50E87B9D-4054-4713-91CD-F480E82185CF}"
EndProject
Project("{FAE04EC0-301F-11D3-BF4B-00C04F79EFBC}") = "HackathonManager.Mvc", "HackathonManager.Mvc\HackathonManager.Mvc.csproj", "{800C0B96-1C2F-425C-A000-1AE70A52552E}"
EndProject
Project("{FAE04EC0-301F-11D3-BF4B-00C04F79EFBC}") = "HackathonManager.Sms", "HackathonManager.Sms\HackathonManager.Sms.csproj", "{4D758799-E62D-4293-AA52-454D8B7855FC}"
EndProject
Project("{FAE04EC0-301F-11D3-BF4B-00C04F79EFBC}") = "HackathonManager.Cli", "HackathonManager.Cli\HackathonManager.Cli.csproj", "{852340EC-89D3-4D5D-9F74-DC7AF1650835}"
EndProject
Project("{FAE04EC0-301F-11D3-BF4B-00C04F79EFBC}") = "HackathonManager.MongoDB", "HackathonManager.MongoDB\HackathonManager.MongoDB.csproj", "{50001B15-98E6-49E4-ABCB-97045DF34DFD}"
EndProject
Project("{FAE04EC0-301F-11D3-BF4B-00C04F79EFBC}") = "HackathonManager.DIContext", "HackathonManager.DIContext\HackathonManager.DIContext.csproj", "{08893AB7-14DA-4501-8CF8-1EC76E3A78C5}"
EndProject
Project("{FAE04EC0-301F-11D3-BF4B-00C04F79EFBC}") = "HackathonManager.WebMvc", "HackathonManager.WebMvc\HackathonManager.WebMvc.csproj", "{4CBA42CB-4696-4756-8568-56EDA5A771DB}"
EndProject
Project("{FAE04EC0-301F-11D3-BF4B-00C04F79EFBC}") = "HackathonManager.TwilioBotWebMvc", "HackathonManager.TwilioBotWebMvc\HackathonManager.TwilioBotWebMvc.csproj", "{C487BA94-5014-490A-9B18-454B537EBF81}"
EndProject
Project("{FAE04EC0-301F-11D3-BF4B-00C04F79EFBC}") = "HackathonManager.Tests", "HackathonManager.Tests\HackathonManager.Tests.csproj", "{0DDFCEE3-BE02-4799-BB84-45E259BE75E5}"
EndProject
Global
	GlobalSection(SolutionConfigurationPlatforms) = preSolution
		Debug|Any CPU = Debug|Any CPU
		Release|Any CPU = Release|Any CPU
	EndGlobalSection
	GlobalSection(ProjectConfigurationPlatforms) = postSolution
		{AFCF5D64-16AC-46F6-B220-3BB02E72CBB7}.Debug|Any CPU.ActiveCfg = Debug|Any CPU
		{AFCF5D64-16AC-46F6-B220-3BB02E72CBB7}.Debug|Any CPU.Build.0 = Debug|Any CPU
		{AFCF5D64-16AC-46F6-B220-3BB02E72CBB7}.Release|Any CPU.ActiveCfg = Release|Any CPU
		{AFCF5D64-16AC-46F6-B220-3BB02E72CBB7}.Release|Any CPU.Build.0 = Release|Any CPU
		{50E87B9D-4054-4713-91CD-F480E82185CF}.Debug|Any CPU.ActiveCfg = Debug|Any CPU
		{50E87B9D-4054-4713-91CD-F480E82185CF}.Debug|Any CPU.Build.0 = Debug|Any CPU
		{50E87B9D-4054-4713-91CD-F480E82185CF}.Release|Any CPU.ActiveCfg = Release|Any CPU
		{50E87B9D-4054-4713-91CD-F480E82185CF}.Release|Any CPU.Build.0 = Release|Any CPU
		{800C0B96-1C2F-425C-A000-1AE70A52552E}.Debug|Any CPU.ActiveCfg = Debug|Any CPU
		{800C0B96-1C2F-425C-A000-1AE70A52552E}.Debug|Any CPU.Build.0 = Debug|Any CPU
		{800C0B96-1C2F-425C-A000-1AE70A52552E}.Release|Any CPU.ActiveCfg = Release|Any CPU
		{800C0B96-1C2F-425C-A000-1AE70A52552E}.Release|Any CPU.Build.0 = Release|Any CPU
		{4D758799-E62D-4293-AA52-454D8B7855FC}.Debug|Any CPU.ActiveCfg = Debug|Any CPU
		{4D758799-E62D-4293-AA52-454D8B7855FC}.Debug|Any CPU.Build.0 = Debug|Any CPU
		{4D758799-E62D-4293-AA52-454D8B7855FC}.Release|Any CPU.ActiveCfg = Release|Any CPU
		{4D758799-E62D-4293-AA52-454D8B7855FC}.Release|Any CPU.Build.0 = Release|Any CPU
		{852340EC-89D3-4D5D-9F74-DC7AF1650835}.Debug|Any CPU.ActiveCfg = Debug|Any CPU
		{852340EC-89D3-4D5D-9F74-DC7AF1650835}.Debug|Any CPU.Build.0 = Debug|Any CPU
		{852340EC-89D3-4D5D-9F74-DC7AF1650835}.Release|Any CPU.ActiveCfg = Release|Any CPU
		{852340EC-89D3-4D5D-9F74-DC7AF1650835}.Release|Any CPU.Build.0 = Release|Any CPU
		{50001B15-98E6-49E4-ABCB-97045DF34DFD}.Debug|Any CPU.ActiveCfg = Debug|Any CPU
		{50001B15-98E6-49E4-ABCB-97045DF34DFD}.Debug|Any CPU.Build.0 = Debug|Any CPU
		{50001B15-98E6-49E4-ABCB-97045DF34DFD}.Release|Any CPU.ActiveCfg = Release|Any CPU
		{50001B15-98E6-49E4-ABCB-97045DF34DFD}.Release|Any CPU.Build.0 = Release|Any CPU
		{08893AB7-14DA-4501-8CF8-1EC76E3A78C5}.Debug|Any CPU.ActiveCfg = Debug|Any CPU
		{08893AB7-14DA-4501-8CF8-1EC76E3A78C5}.Debug|Any CPU.Build.0 = Debug|Any CPU
		{08893AB7-14DA-4501-8CF8-1EC76E3A78C5}.Release|Any CPU.ActiveCfg = Release|Any CPU
		{08893AB7-14DA-4501-8CF8-1EC76E3A78C5}.Release|Any CPU.Build.0 = Release|Any CPU
		{4CBA42CB-4696-4756-8568-56EDA5A771DB}.Debug|Any CPU.ActiveCfg = Debug|Any CPU
		{4CBA42CB-4696-4756-8568-56EDA5A771DB}.Debug|Any CPU.Build.0 = Debug|Any CPU
		{4CBA42CB-4696-4756-8568-56EDA5A771DB}.Release|Any CPU.ActiveCfg = Release|Any CPU
		{4CBA42CB-4696-4756-8568-56EDA5A771DB}.Release|Any CPU.Build.0 = Release|Any CPU
		{C487BA94-5014-490A-9B18-454B537EBF81}.Debug|Any CPU.ActiveCfg = Debug|Any CPU
		{C487BA94-5014-490A-9B18-454B537EBF81}.Debug|Any CPU.Build.0 = Debug|Any CPU
		{C487BA94-5014-490A-9B18-454B537EBF81}.Release|Any CPU.ActiveCfg = Release|Any CPU
		{C487BA94-5014-490A-9B18-454B537EBF81}.Release|Any CPU.Build.0 = Release|Any CPU
		{0DDFCEE3-BE02-4799-BB84-45E259BE75E5}.Debug|Any CPU.ActiveCfg = Debug|Any CPU
		{0DDFCEE3-BE02-4799-BB84-45E259BE75E5}.Debug|Any CPU.Build.0 = Debug|Any CPU
		{0DDFCEE3-BE02-4799-BB84-45E259BE75E5}.Release|Any CPU.ActiveCfg = Release|Any CPU
		{0DDFCEE3-BE02-4799-BB84-45E259BE75E5}.Release|Any CPU.Build.0 = Release|Any CPU
	EndGlobalSection
	GlobalSection(SolutionProperties) = preSolution
		HideSolutionNode = FALSE
	EndGlobalSection
	GlobalSection(ExtensibilityGlobals) = postSolution
		SolutionGuid = {319B09BD-5CAB-4117-9D06-F8BD54EFAC28}
	EndGlobalSection
EndGlobal
